
Microsoft Visual Studio Solution File, Format Version 12.00
# Visual Studio 15
VisualStudioVersion = 15.0.28307.136
MinimumVisualStudioVersion = 10.0.40219.1
Project("{FAE04EC0-301F-11D3-BF4B-00C04F79EFBC}") = "App1.Android", "App1\App1.Android\App1.Android.csproj", "{7FC40CCA-B5C9-43E1-926A-6EA9315209D2}"
EndProject
Project("{FAE04EC0-301F-11D3-BF4B-00C04F79EFBC}") = "App1.iOS", "App1\App1.iOS\App1.iOS.csproj", "{41FB4018-3D78-40AD-97E4-878C2D0A5F23}"
EndProject
Project("{FAE04EC0-301F-11D3-BF4B-00C04F79EFBC}") = "App1", "App1\App1\App1.csproj", "{D473D4E1-EA4A-4E3C-B9D2-144F78DC3E79}"
EndProject
Global
	GlobalSection(SolutionConfigurationPlatforms) = preSolution
		Ad-Hoc|Any CPU = Ad-Hoc|Any CPU
		Ad-Hoc|iPhone = Ad-Hoc|iPhone
		Ad-Hoc|iPhoneSimulator = Ad-Hoc|iPhoneSimulator
		AppStore|Any CPU = AppStore|Any CPU
		AppStore|iPhone = AppStore|iPhone
		AppStore|iPhoneSimulator = AppStore|iPhoneSimulator
		Debug|Any CPU = Debug|Any CPU
		Debug|iPhone = Debug|iPhone
		Debug|iPhoneSimulator = Debug|iPhoneSimulator
		Release|Any CPU = Release|Any CPU
		Release|iPhone = Release|iPhone
		Release|iPhoneSimulator = Release|iPhoneSimulator
	EndGlobalSection
	GlobalSection(ProjectConfigurationPlatforms) = postSolution
		{7FC40CCA-B5C9-43E1-926A-6EA9315209D2}.Ad-Hoc|Any CPU.ActiveCfg = Release|Any CPU
		{7FC40CCA-B5C9-43E1-926A-6EA9315209D2}.Ad-Hoc|Any CPU.Build.0 = Release|Any CPU
		{7FC40CCA-B5C9-43E1-926A-6EA9315209D2}.Ad-Hoc|Any CPU.Deploy.0 = Release|Any CPU
		{7FC40CCA-B5C9-43E1-926A-6EA9315209D2}.Ad-Hoc|iPhone.ActiveCfg = Release|Any CPU
		{7FC40CCA-B5C9-43E1-926A-6EA9315209D2}.Ad-Hoc|iPhone.Build.0 = Release|Any CPU
		{7FC40CCA-B5C9-43E1-926A-6EA9315209D2}.Ad-Hoc|iPhone.Deploy.0 = Release|Any CPU
		{7FC40CCA-B5C9-43E1-926A-6EA9315209D2}.Ad-Hoc|iPhoneSimulator.ActiveCfg = Release|Any CPU
		{7FC40CCA-B5C9-43E1-926A-6EA9315209D2}.Ad-Hoc|iPhoneSimulator.Build.0 = Release|Any CPU
		{7FC40CCA-B5C9-43E1-926A-6EA9315209D2}.Ad-Hoc|iPhoneSimulator.Deploy.0 = Release|Any CPU
		{7FC40CCA-B5C9-43E1-926A-6EA9315209D2}.AppStore|Any CPU.ActiveCfg = Release|Any CPU
		{7FC40CCA-B5C9-43E1-926A-6EA9315209D2}.AppStore|Any CPU.Build.0 = Release|Any CPU
		{7FC40CCA-B5C9-43E1-926A-6EA9315209D2}.AppStore|Any CPU.Deploy.0 = Release|Any CPU
		{7FC40CCA-B5C9-43E1-926A-6EA9315209D2}.AppStore|iPhone.ActiveCfg = Release|Any CPU
		{7FC40CCA-B5C9-43E1-926A-6EA9315209D2}.AppStore|iPhone.Build.0 = Release|Any CPU
		{7FC40CCA-B5C9-43E1-926A-6EA9315209D2}.AppStore|iPhone.Deploy.0 = Release|Any CPU
		{7FC40CCA-B5C9-43E1-926A-6EA9315209D2}.AppStore|iPhoneSimulator.ActiveCfg = Release|Any CPU
		{7FC40CCA-B5C9-43E1-926A-6EA9315209D2}.AppStore|iPhoneSimulator.Build.0 = Release|Any CPU
		{7FC40CCA-B5C9-43E1-926A-6EA9315209D2}.AppStore|iPhoneSimulator.Deploy.0 = Release|Any CPU
		{7FC40CCA-B5C9-43E1-926A-6EA9315209D2}.Debug|Any CPU.ActiveCfg = Debug|Any CPU
		{7FC40CCA-B5C9-43E1-926A-6EA9315209D2}.Debug|Any CPU.Build.0 = Debug|Any CPU
		{7FC40CCA-B5C9-43E1-926A-6EA9315209D2}.Debug|Any CPU.Deploy.0 = Debug|Any CPU
		{7FC40CCA-B5C9-43E1-926A-6EA9315209D2}.Debug|iPhone.ActiveCfg = Debug|Any CPU
		{7FC40CCA-B5C9-43E1-926A-6EA9315209D2}.Debug|iPhone.Build.0 = Debug|Any CPU
		{7FC40CCA-B5C9-43E1-926A-6EA9315209D2}.Debug|iPhone.Deploy.0 = Debug|Any CPU
		{7FC40CCA-B5C9-43E1-926A-6EA9315209D2}.Debug|iPhoneSimulator.ActiveCfg = Debug|Any CPU
		{7FC40CCA-B5C9-43E1-926A-6EA9315209D2}.Debug|iPhoneSimulator.Build.0 = Debug|Any CPU
		{7FC40CCA-B5C9-43E1-926A-6EA9315209D2}.Debug|iPhoneSimulator.Deploy.0 = Debug|Any CPU
		{7FC40CCA-B5C9-43E1-926A-6EA9315209D2}.Release|Any CPU.ActiveCfg = Release|Any CPU
		{7FC40CCA-B5C9-43E1-926A-6EA9315209D2}.Release|Any CPU.Build.0 = Release|Any CPU
		{7FC40CCA-B5C9-43E1-926A-6EA9315209D2}.Release|Any CPU.Deploy.0 = Release|Any CPU
		{7FC40CCA-B5C9-43E1-926A-6EA9315209D2}.Release|iPhone.ActiveCfg = Release|Any CPU
		{7FC40CCA-B5C9-43E1-926A-6EA9315209D2}.Release|iPhone.Build.0 = Release|Any CPU
		{7FC40CCA-B5C9-43E1-926A-6EA9315209D2}.Release|iPhone.Deploy.0 = Release|Any CPU
		{7FC40CCA-B5C9-43E1-926A-6EA9315209D2}.Release|iPhoneSimulator.ActiveCfg = Release|Any CPU
		{7FC40CCA-B5C9-43E1-926A-6EA9315209D2}.Release|iPhoneSimulator.Build.0 = Release|Any CPU
		{7FC40CCA-B5C9-43E1-926A-6EA9315209D2}.Release|iPhoneSimulator.Deploy.0 = Release|Any CPU
		{41FB4018-3D78-40AD-97E4-878C2D0A5F23}.Ad-Hoc|Any CPU.ActiveCfg = Ad-Hoc|iPhone
		{41FB4018-3D78-40AD-97E4-878C2D0A5F23}.Ad-Hoc|Any CPU.Build.0 = Ad-Hoc|iPhone
		{41FB4018-3D78-40AD-97E4-878C2D0A5F23}.Ad-Hoc|Any CPU.Deploy.0 = Ad-Hoc|iPhone
		{41FB4018-3D78-40AD-97E4-878C2D0A5F23}.Ad-Hoc|iPhone.ActiveCfg = Ad-Hoc|iPhone
		{41FB4018-3D78-40AD-97E4-878C2D0A5F23}.Ad-Hoc|iPhone.Build.0 = Ad-Hoc|iPhone
		{41FB4018-3D78-40AD-97E4-878C2D0A5F23}.Ad-Hoc|iPhone.Deploy.0 = Ad-Hoc|iPhone
		{41FB4018-3D78-40AD-97E4-878C2D0A5F23}.Ad-Hoc|iPhoneSimulator.ActiveCfg = Ad-Hoc|iPhoneSimulator
		{41FB4018-3D78-40AD-97E4-878C2D0A5F23}.Ad-Hoc|iPhoneSimulator.Build.0 = Ad-Hoc|iPhoneSimulator
		{41FB4018-3D78-40AD-97E4-878C2D0A5F23}.Ad-Hoc|iPhoneSimulator.Deploy.0 = Ad-Hoc|iPhoneSimulator
		{41FB4018-3D78-40AD-97E4-878C2D0A5F23}.AppStore|Any CPU.ActiveCfg = AppStore|iPhone
		{41FB4018-3D78-40AD-97E4-878C2D0A5F23}.AppStore|Any CPU.Build.0 = AppStore|iPhone
		{41FB4018-3D78-40AD-97E4-878C2D0A5F23}.AppStore|Any CPU.Deploy.0 = AppStore|iPhone
		{41FB4018-3D78-40AD-97E4-878C2D0A5F23}.AppStore|iPhone.ActiveCfg = AppStore|iPhone
		{41FB4018-3D78-40AD-97E4-878C2D0A5F23}.AppStore|iPhone.Build.0 = AppStore|iPhone
		{41FB4018-3D78-40AD-97E4-878C2D0A5F23}.AppStore|iPhone.Deploy.0 = AppStore|iPhone
		{41FB4018-3D78-40AD-97E4-878C2D0A5F23}.AppStore|iPhoneSimulator.ActiveCfg = AppStore|iPhoneSimulator
		{41FB4018-3D78-40AD-97E4-878C2D0A5F23}.AppStore|iPhoneSimulator.Build.0 = AppStore|iPhoneSimulator
		{41FB4018-3D78-40AD-97E4-878C2D0A5F23}.AppStore|iPhoneSimulator.Deploy.0 = AppStore|iPhoneSimulator
		{41FB4018-3D78-40AD-97E4-878C2D0A5F23}.Debug|Any CPU.ActiveCfg = Debug|iPhoneSimulator
		{41FB4018-3D78-40AD-97E4-878C2D0A5F23}.Debug|Any CPU.Build.0 = Debug|iPhoneSimulator
		{41FB4018-3D78-40AD-97E4-878C2D0A5F23}.Debug|Any CPU.Deploy.0 = Debug|iPhoneSimulator
		{41FB4018-3D78-40AD-97E4-878C2D0A5F23}.Debug|iPhone.ActiveCfg = Debug|iPhone
		{41FB4018-3D78-40AD-97E4-878C2D0A5F23}.Debug|iPhone.Build.0 = Debug|iPhone
		{41FB4018-3D78-40AD-97E4-878C2D0A5F23}.Debug|iPhone.Deploy.0 = Debug|iPhone
		{41FB4018-3D78-40AD-97E4-878C2D0A5F23}.Debug|iPhoneSimulator.ActiveCfg = Debug|iPhoneSimulator
		{41FB4018-3D78-40AD-97E4-878C2D0A5F23}.Debug|iPhoneSimulator.Build.0 = Debug|iPhoneSimulator
		{41FB4018-3D78-40AD-97E4-878C2D0A5F23}.Debug|iPhoneSimulator.Deploy.0 = Debug|iPhoneSimulator
		{41FB4018-3D78-40AD-97E4-878C2D0A5F23}.Release|Any CPU.ActiveCfg = Release|iPhone
		{41FB4018-3D78-40AD-97E4-878C2D0A5F23}.Release|Any CPU.Build.0 = Release|iPhone
		{41FB4018-3D78-40AD-97E4-878C2D0A5F23}.Release|Any CPU.Deploy.0 = Release|iPhone
		{41FB4018-3D78-40AD-97E4-878C2D0A5F23}.Release|iPhone.ActiveCfg = Release|iPhone
		{41FB4018-3D78-40AD-97E4-878C2D0A5F23}.Release|iPhone.Build.0 = Release|iPhone
		{41FB4018-3D78-40AD-97E4-878C2D0A5F23}.Release|iPhone.Deploy.0 = Release|iPhone
		{41FB4018-3D78-40AD-97E4-878C2D0A5F23}.Release|iPhoneSimulator.ActiveCfg = Release|iPhoneSimulator
		{41FB4018-3D78-40AD-97E4-878C2D0A5F23}.Release|iPhoneSimulator.Build.0 = Release|iPhoneSimulator
		{41FB4018-3D78-40AD-97E4-878C2D0A5F23}.Release|iPhoneSimulator.Deploy.0 = Release|iPhoneSimulator
		{D473D4E1-EA4A-4E3C-B9D2-144F78DC3E79}.Ad-Hoc|Any CPU.ActiveCfg = Debug|Any CPU
		{D473D4E1-EA4A-4E3C-B9D2-144F78DC3E79}.Ad-Hoc|Any CPU.Build.0 = Debug|Any CPU
		{D473D4E1-EA4A-4E3C-B9D2-144F78DC3E79}.Ad-Hoc|Any CPU.Deploy.0 = Debug|Any CPU
		{D473D4E1-EA4A-4E3C-B9D2-144F78DC3E79}.Ad-Hoc|iPhone.ActiveCfg = Debug|Any CPU
		{D473D4E1-EA4A-4E3C-B9D2-144F78DC3E79}.Ad-Hoc|iPhone.Build.0 = Debug|Any CPU
		{D473D4E1-EA4A-4E3C-B9D2-144F78DC3E79}.Ad-Hoc|iPhone.Deploy.0 = Debug|Any CPU
		{D473D4E1-EA4A-4E3C-B9D2-144F78DC3E79}.Ad-Hoc|iPhoneSimulator.ActiveCfg = Debug|Any CPU
		{D473D4E1-EA4A-4E3C-B9D2-144F78DC3E79}.Ad-Hoc|iPhoneSimulator.Build.0 = Debug|Any CPU
		{D473D4E1-EA4A-4E3C-B9D2-144F78DC3E79}.Ad-Hoc|iPhoneSimulator.Deploy.0 = Debug|Any CPU
		{D473D4E1-EA4A-4E3C-B9D2-144F78DC3E79}.AppStore|Any CPU.ActiveCfg = Debug|Any CPU
		{D473D4E1-EA4A-4E3C-B9D2-144F78DC3E79}.AppStore|Any CPU.Build.0 = Debug|Any CPU
		{D473D4E1-EA4A-4E3C-B9D2-144F78DC3E79}.AppStore|Any CPU.Deploy.0 = Debug|Any CPU
		{D473D4E1-EA4A-4E3C-B9D2-144F78DC3E79}.AppStore|iPhone.ActiveCfg = Debug|Any CPU
		{D473D4E1-EA4A-4E3C-B9D2-144F78DC3E79}.AppStore|iPhone.Build.0 = Debug|Any CPU
		{D473D4E1-EA4A-4E3C-B9D2-144F78DC3E79}.AppStore|iPhone.Deploy.0 = Debug|Any CPU
		{D473D4E1-EA4A-4E3C-B9D2-144F78DC3E79}.AppStore|iPhoneSimulator.ActiveCfg = Debug|Any CPU
		{D473D4E1-EA4A-4E3C-B9D2-144F78DC3E79}.AppStore|iPhoneSimulator.Build.0 = Debug|Any CPU
		{D473D4E1-EA4A-4E3C-B9D2-144F78DC3E79}.AppStore|iPhoneSimulator.Deploy.0 = Debug|Any CPU
		{D473D4E1-EA4A-4E3C-B9D2-144F78DC3E79}.Debug|Any CPU.ActiveCfg = Debug|Any CPU
		{D473D4E1-EA4A-4E3C-B9D2-144F78DC3E79}.Debug|Any CPU.Build.0 = Debug|Any CPU
		{D473D4E1-EA4A-4E3C-B9D2-144F78DC3E79}.Debug|Any CPU.Deploy.0 = Debug|Any CPU
		{D473D4E1-EA4A-4E3C-B9D2-144F78DC3E79}.Debug|iPhone.ActiveCfg = Debug|Any CPU
		{D473D4E1-EA4A-4E3C-B9D2-144F78DC3E79}.Debug|iPhone.Build.0 = Debug|Any CPU
		{D473D4E1-EA4A-4E3C-B9D2-144F78DC3E79}.Debug|iPhone.Deploy.0 = Debug|Any CPU
		{D473D4E1-EA4A-4E3C-B9D2-144F78DC3E79}.Debug|iPhoneSimulator.ActiveCfg = Debug|Any CPU
		{D473D4E1-EA4A-4E3C-B9D2-144F78DC3E79}.Debug|iPhoneSimulator.Build.0 = Debug|Any CPU
		{D473D4E1-EA4A-4E3C-B9D2-144F78DC3E79}.Debug|iPhoneSimulator.Deploy.0 = Debug|Any CPU
		{D473D4E1-EA4A-4E3C-B9D2-144F78DC3E79}.Release|Any CPU.ActiveCfg = Release|Any CPU
		{D473D4E1-EA4A-4E3C-B9D2-144F78DC3E79}.Release|Any CPU.Build.0 = Release|Any CPU
		{D473D4E1-EA4A-4E3C-B9D2-144F78DC3E79}.Release|Any CPU.Deploy.0 = Release|Any CPU
		{D473D4E1-EA4A-4E3C-B9D2-144F78DC3E79}.Release|iPhone.ActiveCfg = Release|Any CPU
		{D473D4E1-EA4A-4E3C-B9D2-144F78DC3E79}.Release|iPhone.Build.0 = Release|Any CPU
		{D473D4E1-EA4A-4E3C-B9D2-144F78DC3E79}.Release|iPhone.Deploy.0 = Release|Any CPU
		{D473D4E1-EA4A-4E3C-B9D2-144F78DC3E79}.Release|iPhoneSimulator.ActiveCfg = Release|Any CPU
		{D473D4E1-EA4A-4E3C-B9D2-144F78DC3E79}.Release|iPhoneSimulator.Build.0 = Release|Any CPU
		{D473D4E1-EA4A-4E3C-B9D2-144F78DC3E79}.Release|iPhoneSimulator.Deploy.0 = Release|Any CPU
	EndGlobalSection
	GlobalSection(SolutionProperties) = preSolution
		HideSolutionNode = FALSE
	EndGlobalSection
	GlobalSection(ExtensibilityGlobals) = postSolution
		SolutionGuid = {89D16CA5-3DAD-45E5-87E1-30C69C16C719}
	EndGlobalSection
EndGlobal
